
Microsoft Visual Studio Solution File, Format Version 12.00
# Visual Studio 15
VisualStudioVersion = 15.0.28010.2046
MinimumVisualStudioVersion = 10.0.40219.1
Project("{FAE04EC0-301F-11D3-BF4B-00C04F79EFBC}") = "Lab_10", "Lab_10\Lab_10.csproj", "{1A1A11D8-6246-4ECB-BD88-E7DB8173C830}"
EndProject
Global
	GlobalSection(SolutionConfigurationPlatforms) = preSolution
		Debug|Any CPU = Debug|Any CPU
		Release|Any CPU = Release|Any CPU
	EndGlobalSection
	GlobalSection(ProjectConfigurationPlatforms) = postSolution
		{1A1A11D8-6246-4ECB-BD88-E7DB8173C830}.Debug|Any CPU.ActiveCfg = Debug|Any CPU
		{1A1A11D8-6246-4ECB-BD88-E7DB8173C830}.Debug|Any CPU.Build.0 = Debug|Any CPU
		{1A1A11D8-6246-4ECB-BD88-E7DB8173C830}.Release|Any CPU.ActiveCfg = Release|Any CPU
		{1A1A11D8-6246-4ECB-BD88-E7DB8173C830}.Release|Any CPU.Build.0 = Release|Any CPU
	EndGlobalSection
	GlobalSection(SolutionProperties) = preSolution
		HideSolutionNode = FALSE
	EndGlobalSection
	GlobalSection(ExtensibilityGlobals) = postSolution
		SolutionGuid = {037E2328-AB11-40AB-9789-577E79A22359}
	EndGlobalSection
EndGlobal
